# THIS IS AN AUTOGENERATED FILE. DO NOT EDIT THIS FILE DIRECTLY.
# yarn lockfile v1


"@sentry/browser@^5.29.0":
  version "5.29.2"
  resolved "https://registry.yarnpkg.com/@sentry/browser/-/browser-5.29.2.tgz#51adb4005511b1a4a70e4571880fc6653d651f91"
  integrity sha512-uxZ7y7rp85tJll+RZtXRhXPbnFnOaxZqJEv05vJlXBtBNLQtlczV5iCtU9mZRLVHDtmZ5VVKUV8IKXntEqqDpQ==
  dependencies:
    "@sentry/core" "5.29.2"
    "@sentry/types" "5.29.2"
    "@sentry/utils" "5.29.2"
    tslib "^1.9.3"

"@sentry/core@5.29.2":
  version "5.29.2"
  resolved "https://registry.yarnpkg.com/@sentry/core/-/core-5.29.2.tgz#9e05fe197234161d57aabaf52fab336a7c520d81"
  integrity sha512-7WYkoxB5IdlNEbwOwqSU64erUKH4laavPsM0/yQ+jojM76ErxlgEF0u//p5WaLPRzh3iDSt6BH+9TL45oNZeZw==
  dependencies:
    "@sentry/hub" "5.29.2"
    "@sentry/minimal" "5.29.2"
    "@sentry/types" "5.29.2"
    "@sentry/utils" "5.29.2"
    tslib "^1.9.3"

"@sentry/hub@5.29.0":
  version "5.29.0"
  resolved "https://registry.yarnpkg.com/@sentry/hub/-/hub-5.29.0.tgz#d018b978fdffc6c8261744b0d08e8d25a3f4dc58"
  integrity sha512-kcDPQsRG4cFdmqDh+TzjeO7lWYxU8s1dZYAbbl1J4uGKmhNB0J7I4ak4SGwTsXLY6fhbierxr6PRaoNojCxjPw==
  dependencies:
    "@sentry/types" "5.29.0"
    "@sentry/utils" "5.29.0"
    tslib "^1.9.3"

"@sentry/hub@5.29.2":
  version "5.29.2"
  resolved "https://registry.yarnpkg.com/@sentry/hub/-/hub-5.29.2.tgz#208f10fe6674695575ad74182a1151f71d6df00a"
  integrity sha512-LaAIo2hwUk9ykeh9RF0cwLy6IRw+DjEee8l1HfEaDFUM6TPGlNNGObMJNXb9/95jzWp7jWwOpQjoIE3jepdQJQ==
  dependencies:
    "@sentry/types" "5.29.2"
    "@sentry/utils" "5.29.2"
    tslib "^1.9.3"

"@sentry/minimal@5.29.0":
  version "5.29.0"
  resolved "https://registry.yarnpkg.com/@sentry/minimal/-/minimal-5.29.0.tgz#bd8b52f388abcec2234dbbc6d6721ff65aa30e35"
  integrity sha512-nhXofdjtO41/caiF1wk1oT3p/QuhOZDYdF/b29DoD2MiAMK9IjhhOXI/gqaRpDKkXlDvd95fDTcx4t/MqqcKXA==
  dependencies:
    "@sentry/hub" "5.29.0"
    "@sentry/types" "5.29.0"
    tslib "^1.9.3"

"@sentry/minimal@5.29.2":
  version "5.29.2"
  resolved "https://registry.yarnpkg.com/@sentry/minimal/-/minimal-5.29.2.tgz#420bebac8d03d30980fdb05c72d7b253d8aa541b"
  integrity sha512-0aINSm8fGA1KyM7PavOBe1GDZDxrvnKt+oFnU0L+bTcw8Lr+of+v6Kwd97rkLRNOLw621xP076dL/7LSIzMuhw==
  dependencies:
    "@sentry/hub" "5.29.2"
    "@sentry/types" "5.29.2"
    tslib "^1.9.3"

"@sentry/tracing@5.29.0":
  version "5.29.0"
  resolved "https://registry.yarnpkg.com/@sentry/tracing/-/tracing-5.29.0.tgz#8ed515b3f9d409137357c38c8622858f9e684e4a"
  integrity sha512-2ZITUH7Eur7IkmRAd5gw8Xt2Sfc28btCnT7o2P2J8ZPD65e99ATqjxXPokx0+6zEkTsstIDD3mbyuwkpbuvuTA==
  dependencies:
    "@sentry/hub" "5.29.0"
    "@sentry/minimal" "5.29.0"
    "@sentry/types" "5.29.0"
    "@sentry/utils" "5.29.0"
    tslib "^1.9.3"

"@sentry/types@5.29.0":
  version "5.29.0"
  resolved "https://registry.yarnpkg.com/@sentry/types/-/types-5.29.0.tgz#af5cec98cde54316c14df3121f0e8106e56b578e"
  integrity sha512-iDkxT/9sT3UF+Xb+JyLjZ5caMXsgLfRyV9VXQEiR2J6mgpMielj184d9jeF3bm/VMuAf/VFFqrHlcVsVgmrrMw==

"@sentry/types@5.29.2":
  version "5.29.2"
  resolved "https://registry.yarnpkg.com/@sentry/types/-/types-5.29.2.tgz#ac87383df1222c2d9b9f8f9ed7a6b86ea41a098a"
  integrity sha512-dM9wgt8wy4WRty75QkqQgrw9FV9F+BOMfmc0iaX13Qos7i6Qs2Q0dxtJ83SoR4YGtW8URaHzlDtWlGs5egBiMA==

"@sentry/utils@5.29.0":
  version "5.29.0"
  resolved "https://registry.yarnpkg.com/@sentry/utils/-/utils-5.29.0.tgz#b4c1223ba362a94cf4850e9ca2cb24655b006b53"
  integrity sha512-b2B1gshw2u3EHlAi84PuI5sfmLKXW1z9enMMhNuuNT/CoRp+g5kMAcUv/qYTws7UNnYSvTuVGuZG30v1e0hP9A==
  dependencies:
    "@sentry/types" "5.29.0"
    tslib "^1.9.3"

"@sentry/utils@5.29.2":
  version "5.29.2"
  resolved "https://registry.yarnpkg.com/@sentry/utils/-/utils-5.29.2.tgz#99a5cdda2ea19d34a41932f138d470adcb3ee673"
  integrity sha512-nEwQIDjtFkeE4k6yIk4Ka5XjGRklNLThWLs2xfXlL7uwrYOH2B9UBBOOIRUraBm/g/Xrra3xsam/kRxuiwtXZQ==
  dependencies:
    "@sentry/types" "5.29.2"
    tslib "^1.9.3"

bootstrap@^3.4.1:
  version "3.4.1"
  resolved "https://registry.yarnpkg.com/bootstrap/-/bootstrap-3.4.1.tgz#c3a347d419e289ad11f4033e3c4132b87c081d72"
  integrity sha512-yN5oZVmRCwe5aKwzRj6736nSmKDX7pLYwsXiCj/EYmo16hODaBiT4En5btW/jhBF/seV+XMx3aYwukYC3A49DA==

jquery@^1.12.4:
  version "1.12.4"
  resolved "https://registry.yarnpkg.com/jquery/-/jquery-1.12.4.tgz#01e1dfba290fe73deba77ceeacb0f9ba2fec9e0c"
  integrity sha1-AeHfuikP5z3rp3zurLD5ui/sngw=

js-cookie@2.2.1:
  version "2.2.1"
  resolved "https://registry.yarnpkg.com/js-cookie/-/js-cookie-2.2.1.tgz#69e106dc5d5806894562902aa5baec3744e9b2b8"
  integrity sha512-HvdH2LzI/EAZcUwA8+0nKNtWHqS+ZmijLA30RwZA0bo7ToCckjK5MkGhjED9KoRcXO6BaGI3I9UIzSA1FKFPOQ==

tslib@^1.9.3:
  version "1.14.1"
  resolved "https://registry.yarnpkg.com/tslib/-/tslib-1.14.1.tgz#cf2d38bdc34a134bcaf1091c41f6619e2f672d00"
  integrity sha512-Xni35NKzjgMrwevysHTCArtLDpPvye8zV/0E4EyYn43P7/7qvQwPh9BGkHewbMulVntbigmcT7rdX3BNo9wRJg==
